// !$*UTF8*$!
{
	archiveVersion = 1;
	classes = {
	};
	objectVersion = 56;
	objects = {

/* Begin PBXBuildFile section */
		2D6B4CE02AE4DB9E00093BD4 /* Launch Screen.storyboard in Resources */ = {isa = PBXBuildFile; fileRef = 2D6B4CDF2AE4DB9E00093BD4 /* Launch Screen.storyboard */; };
		2DB5B35E2AE399CF00DAEDBC /* ThingsApp.swift in Sources */ = {isa = PBXBuildFile; fileRef = 2DB5B35D2AE399CF00DAEDBC /* ThingsApp.swift */; };
		2DB5B3602AE399CF00DAEDBC /* MainView.swift in Sources */ = {isa = PBXBuildFile; fileRef = 2DB5B35F2AE399CF00DAEDBC /* MainView.swift */; };
		2DB5B3622AE399D000DAEDBC /* Assets.xcassets in Resources */ = {isa = PBXBuildFile; fileRef = 2DB5B3612AE399D000DAEDBC /* Assets.xcassets */; };
		2DB5B3652AE399D000DAEDBC /* Preview Assets.xcassets in Resources */ = {isa = PBXBuildFile; fileRef = 2DB5B3642AE399D000DAEDBC /* Preview Assets.xcassets */; };
		2DB5B36D2AE399ED00DAEDBC /* FirebaseAnalytics in Frameworks */ = {isa = PBXBuildFile; productRef = 2DB5B36C2AE399ED00DAEDBC /* FirebaseAnalytics */; };
		2DB5B36F2AE399ED00DAEDBC /* FirebaseAnalyticsOnDeviceConversion in Frameworks */ = {isa = PBXBuildFile; productRef = 2DB5B36E2AE399ED00DAEDBC /* FirebaseAnalyticsOnDeviceConversion */; };
		2DB5B3712AE399ED00DAEDBC /* FirebaseAnalyticsSwift in Frameworks */ = {isa = PBXBuildFile; productRef = 2DB5B3702AE399ED00DAEDBC /* FirebaseAnalyticsSwift */; };
		2DB5B3732AE399ED00DAEDBC /* FirebaseAnalyticsWithoutAdIdSupport in Frameworks */ = {isa = PBXBuildFile; productRef = 2DB5B3722AE399ED00DAEDBC /* FirebaseAnalyticsWithoutAdIdSupport */; };
		2DB5B3752AE399ED00DAEDBC /* FirebaseAppCheck in Frameworks */ = {isa = PBXBuildFile; productRef = 2DB5B3742AE399ED00DAEDBC /* FirebaseAppCheck */; };
		2DB5B3772AE399ED00DAEDBC /* FirebaseAppDistribution-Beta in Frameworks */ = {isa = PBXBuildFile; productRef = 2DB5B3762AE399ED00DAEDBC /* FirebaseAppDistribution-Beta */; };
		2DB5B3792AE399ED00DAEDBC /* FirebaseAuth in Frameworks */ = {isa = PBXBuildFile; productRef = 2DB5B3782AE399ED00DAEDBC /* FirebaseAuth */; };
		2DB5B37B2AE399ED00DAEDBC /* FirebaseAuthCombine-Community in Frameworks */ = {isa = PBXBuildFile; productRef = 2DB5B37A2AE399ED00DAEDBC /* FirebaseAuthCombine-Community */; };
		2DB5B37D2AE399ED00DAEDBC /* FirebaseCrashlytics in Frameworks */ = {isa = PBXBuildFile; productRef = 2DB5B37C2AE399ED00DAEDBC /* FirebaseCrashlytics */; };
		2DB5B37F2AE399ED00DAEDBC /* FirebaseDatabase in Frameworks */ = {isa = PBXBuildFile; productRef = 2DB5B37E2AE399ED00DAEDBC /* FirebaseDatabase */; };
		2DB5B3812AE399ED00DAEDBC /* FirebaseDatabaseSwift in Frameworks */ = {isa = PBXBuildFile; productRef = 2DB5B3802AE399ED00DAEDBC /* FirebaseDatabaseSwift */; };
		2DB5B3832AE399ED00DAEDBC /* FirebaseDynamicLinks in Frameworks */ = {isa = PBXBuildFile; productRef = 2DB5B3822AE399ED00DAEDBC /* FirebaseDynamicLinks */; };
		2DB5B3852AE399ED00DAEDBC /* FirebaseFirestore in Frameworks */ = {isa = PBXBuildFile; productRef = 2DB5B3842AE399ED00DAEDBC /* FirebaseFirestore */; };
		2DB5B3872AE399ED00DAEDBC /* FirebaseFirestoreCombine-Community in Frameworks */ = {isa = PBXBuildFile; productRef = 2DB5B3862AE399ED00DAEDBC /* FirebaseFirestoreCombine-Community */; };
		2DB5B3892AE399ED00DAEDBC /* FirebaseFirestoreSwift in Frameworks */ = {isa = PBXBuildFile; productRef = 2DB5B3882AE399ED00DAEDBC /* FirebaseFirestoreSwift */; };
		2DB5B38B2AE399ED00DAEDBC /* FirebaseInAppMessagingSwift-Beta in Frameworks */ = {isa = PBXBuildFile; productRef = 2DB5B38A2AE399ED00DAEDBC /* FirebaseInAppMessagingSwift-Beta */; };
		2DB5B38D2AE399ED00DAEDBC /* FirebaseInstallations in Frameworks */ = {isa = PBXBuildFile; productRef = 2DB5B38C2AE399ED00DAEDBC /* FirebaseInstallations */; };
		2DB5B38F2AE399ED00DAEDBC /* FirebaseMLModelDownloader in Frameworks */ = {isa = PBXBuildFile; productRef = 2DB5B38E2AE399ED00DAEDBC /* FirebaseMLModelDownloader */; };
		2DB5B3912AE399ED00DAEDBC /* FirebaseMessaging in Frameworks */ = {isa = PBXBuildFile; productRef = 2DB5B3902AE399ED00DAEDBC /* FirebaseMessaging */; };
		2DB5B3932AE399ED00DAEDBC /* FirebasePerformance in Frameworks */ = {isa = PBXBuildFile; productRef = 2DB5B3922AE399ED00DAEDBC /* FirebasePerformance */; };
		2DB5B3952AE399ED00DAEDBC /* FirebaseRemoteConfig in Frameworks */ = {isa = PBXBuildFile; productRef = 2DB5B3942AE399ED00DAEDBC /* FirebaseRemoteConfig */; };
		2DB5B3972AE399ED00DAEDBC /* FirebaseRemoteConfigSwift in Frameworks */ = {isa = PBXBuildFile; productRef = 2DB5B3962AE399ED00DAEDBC /* FirebaseRemoteConfigSwift */; };
		2DB5B3992AE399ED00DAEDBC /* FirebaseStorage in Frameworks */ = {isa = PBXBuildFile; productRef = 2DB5B3982AE399ED00DAEDBC /* FirebaseStorage */; };
		2DB5B39B2AE399ED00DAEDBC /* FirebaseStorageCombine-Community in Frameworks */ = {isa = PBXBuildFile; productRef = 2DB5B39A2AE399ED00DAEDBC /* FirebaseStorageCombine-Community */; };
		2DB5B39D2AE39A5400DAEDBC /* GoogleService-Info.plist in Resources */ = {isa = PBXBuildFile; fileRef = 2DB5B39C2AE39A5400DAEDBC /* GoogleService-Info.plist */; };
		2DB5B3A32AE39C6E00DAEDBC /* ProfileView.swift in Sources */ = {isa = PBXBuildFile; fileRef = 2DB5B3A22AE39C6E00DAEDBC /* ProfileView.swift */; };
		2DB5B3A52AE39C8300DAEDBC /* TodoListView.swift in Sources */ = {isa = PBXBuildFile; fileRef = 2DB5B3A42AE39C8300DAEDBC /* TodoListView.swift */; };
		2DB5B3A72AE39C9A00DAEDBC /* NewItemView.swift in Sources */ = {isa = PBXBuildFile; fileRef = 2DB5B3A62AE39C9A00DAEDBC /* NewItemView.swift */; };
		2DB5B3A92AE39CAA00DAEDBC /* LoginView.swift in Sources */ = {isa = PBXBuildFile; fileRef = 2DB5B3A82AE39CAA00DAEDBC /* LoginView.swift */; };
		2DB5B3AB2AE39CB600DAEDBC /* RegisterView.swift in Sources */ = {isa = PBXBuildFile; fileRef = 2DB5B3AA2AE39CB600DAEDBC /* RegisterView.swift */; };
		2DB5B3AD2AE39CD500DAEDBC /* TodoListItemView.swift in Sources */ = {isa = PBXBuildFile; fileRef = 2DB5B3AC2AE39CD500DAEDBC /* TodoListItemView.swift */; };
		2DB5B3AF2AE39D0300DAEDBC /* User.swift in Sources */ = {isa = PBXBuildFile; fileRef = 2DB5B3AE2AE39D0300DAEDBC /* User.swift */; };
		2DB5B3B12AE39D0F00DAEDBC /* TodoListItem.swift in Sources */ = {isa = PBXBuildFile; fileRef = 2DB5B3B02AE39D0F00DAEDBC /* TodoListItem.swift */; };
		2DB5B3B32AE39D3800DAEDBC /* MainViewViewModel.swift in Sources */ = {isa = PBXBuildFile; fileRef = 2DB5B3B22AE39D3800DAEDBC /* MainViewViewModel.swift */; };
		2DB5B3B52AE39D3E00DAEDBC /* ProfileViewViewModel.swift in Sources */ = {isa = PBXBuildFile; fileRef = 2DB5B3B42AE39D3E00DAEDBC /* ProfileViewViewModel.swift */; };
		2DB5B3B72AE39D4700DAEDBC /* TodoListViewViewModel.swift in Sources */ = {isa = PBXBuildFile; fileRef = 2DB5B3B62AE39D4700DAEDBC /* TodoListViewViewModel.swift */; };
		2DB5B3B92AE39D5F00DAEDBC /* NewItemViewViewModel.swift in Sources */ = {isa = PBXBuildFile; fileRef = 2DB5B3B82AE39D5F00DAEDBC /* NewItemViewViewModel.swift */; };
		2DB5B3BB2AE39D6800DAEDBC /* LoginViewViewModel.swift in Sources */ = {isa = PBXBuildFile; fileRef = 2DB5B3BA2AE39D6800DAEDBC /* LoginViewViewModel.swift */; };
		2DB5B3BD2AE39D7100DAEDBC /* RegisterViewViewModel.swift in Sources */ = {isa = PBXBuildFile; fileRef = 2DB5B3BC2AE39D7100DAEDBC /* RegisterViewViewModel.swift */; };
		2DB5B3BF2AE39D7B00DAEDBC /* TodoListItemViewViewModel.swift in Sources */ = {isa = PBXBuildFile; fileRef = 2DB5B3BE2AE39D7B00DAEDBC /* TodoListItemViewViewModel.swift */; };
		2DB5B3C12AE39FC600DAEDBC /* HeaderView.swift in Sources */ = {isa = PBXBuildFile; fileRef = 2DB5B3C02AE39FC600DAEDBC /* HeaderView.swift */; };
		2DB5B3C32AE40FFF00DAEDBC /* TButton.swift in Sources */ = {isa = PBXBuildFile; fileRef = 2DB5B3C22AE40FFF00DAEDBC /* TButton.swift */; };
		2DB5B3C52AE455AD00DAEDBC /* Extensions.swift in Sources */ = {isa = PBXBuildFile; fileRef = 2DB5B3C42AE455AD00DAEDBC /* Extensions.swift */; };
/* End PBXBuildFile section */

/* Begin PBXFileReference section */
		2D6B4CDF2AE4DB9E00093BD4 /* Launch Screen.storyboard */ = {isa = PBXFileReference; lastKnownFileType = file.storyboard; path = "Launch Screen.storyboard"; sourceTree = "<group>"; };
		2DB5B35A2AE399CF00DAEDBC /* Things Demo.app */ = {isa = PBXFileReference; explicitFileType = wrapper.application; includeInIndex = 0; path = "Things Demo.app"; sourceTree = BUILT_PRODUCTS_DIR; };
		2DB5B35D2AE399CF00DAEDBC /* ThingsApp.swift */ = {isa = PBXFileReference; lastKnownFileType = sourcecode.swift; path = ThingsApp.swift; sourceTree = "<group>"; };
		2DB5B35F2AE399CF00DAEDBC /* MainView.swift */ = {isa = PBXFileReference; lastKnownFileType = sourcecode.swift; path = MainView.swift; sourceTree = "<group>"; };
		2DB5B3612AE399D000DAEDBC /* Assets.xcassets */ = {isa = PBXFileReference; lastKnownFileType = folder.assetcatalog; path = Assets.xcassets; sourceTree = "<group>"; };
		2DB5B3642AE399D000DAEDBC /* Preview Assets.xcassets */ = {isa = PBXFileReference; lastKnownFileType = folder.assetcatalog; path = "Preview Assets.xcassets"; sourceTree = "<group>"; };
		2DB5B39C2AE39A5400DAEDBC /* GoogleService-Info.plist */ = {isa = PBXFileReference; fileEncoding = 4; lastKnownFileType = text.plist.xml; path = "GoogleService-Info.plist"; sourceTree = "<group>"; };
		2DB5B3A22AE39C6E00DAEDBC /* ProfileView.swift */ = {isa = PBXFileReference; lastKnownFileType = sourcecode.swift; path = ProfileView.swift; sourceTree = "<group>"; };
		2DB5B3A42AE39C8300DAEDBC /* TodoListView.swift */ = {isa = PBXFileReference; lastKnownFileType = sourcecode.swift; path = TodoListView.swift; sourceTree = "<group>"; };
		2DB5B3A62AE39C9A00DAEDBC /* NewItemView.swift */ = {isa = PBXFileReference; lastKnownFileType = sourcecode.swift; path = NewItemView.swift; sourceTree = "<group>"; };
		2DB5B3A82AE39CAA00DAEDBC /* LoginView.swift */ = {isa = PBXFileReference; lastKnownFileType = sourcecode.swift; path = LoginView.swift; sourceTree = "<group>"; };
		2DB5B3AA2AE39CB600DAEDBC /* RegisterView.swift */ = {isa = PBXFileReference; lastKnownFileType = sourcecode.swift; path = RegisterView.swift; sourceTree = "<group>"; };
		2DB5B3AC2AE39CD500DAEDBC /* TodoListItemView.swift */ = {isa = PBXFileReference; lastKnownFileType = sourcecode.swift; path = TodoListItemView.swift; sourceTree = "<group>"; };
		2DB5B3AE2AE39D0300DAEDBC /* User.swift */ = {isa = PBXFileReference; lastKnownFileType = sourcecode.swift; path = User.swift; sourceTree = "<group>"; };
		2DB5B3B02AE39D0F00DAEDBC /* TodoListItem.swift */ = {isa = PBXFileReference; lastKnownFileType = sourcecode.swift; path = TodoListItem.swift; sourceTree = "<group>"; };
		2DB5B3B22AE39D3800DAEDBC /* MainViewViewModel.swift */ = {isa = PBXFileReference; lastKnownFileType = sourcecode.swift; path = MainViewViewModel.swift; sourceTree = "<group>"; };
		2DB5B3B42AE39D3E00DAEDBC /* ProfileViewViewModel.swift */ = {isa = PBXFileReference; lastKnownFileType = sourcecode.swift; path = ProfileViewViewModel.swift; sourceTree = "<group>"; };
		2DB5B3B62AE39D4700DAEDBC /* TodoListViewViewModel.swift */ = {isa = PBXFileReference; lastKnownFileType = sourcecode.swift; path = TodoListViewViewModel.swift; sourceTree = "<group>"; };
		2DB5B3B82AE39D5F00DAEDBC /* NewItemViewViewModel.swift */ = {isa = PBXFileReference; lastKnownFileType = sourcecode.swift; path = NewItemViewViewModel.swift; sourceTree = "<group>"; };
		2DB5B3BA2AE39D6800DAEDBC /* LoginViewViewModel.swift */ = {isa = PBXFileReference; lastKnownFileType = sourcecode.swift; path = LoginViewViewModel.swift; sourceTree = "<group>"; };
		2DB5B3BC2AE39D7100DAEDBC /* RegisterViewViewModel.swift */ = {isa = PBXFileReference; lastKnownFileType = sourcecode.swift; path = RegisterViewViewModel.swift; sourceTree = "<group>"; };
		2DB5B3BE2AE39D7B00DAEDBC /* TodoListItemViewViewModel.swift */ = {isa = PBXFileReference; lastKnownFileType = sourcecode.swift; path = TodoListItemViewViewModel.swift; sourceTree = "<group>"; };
		2DB5B3C02AE39FC600DAEDBC /* HeaderView.swift */ = {isa = PBXFileReference; lastKnownFileType = sourcecode.swift; path = HeaderView.swift; sourceTree = "<group>"; };
		2DB5B3C22AE40FFF00DAEDBC /* TButton.swift */ = {isa = PBXFileReference; lastKnownFileType = sourcecode.swift; path = TButton.swift; sourceTree = "<group>"; };
		2DB5B3C42AE455AD00DAEDBC /* Extensions.swift */ = {isa = PBXFileReference; lastKnownFileType = sourcecode.swift; path = Extensions.swift; sourceTree = "<group>"; };
/* End PBXFileReference section */

/* Begin PBXFrameworksBuildPhase section */
		2DB5B3572AE399CF00DAEDBC /* Frameworks */ = {
			isa = PBXFrameworksBuildPhase;
			buildActionMask = 2147483647;
			files = (
				2DB5B37F2AE399ED00DAEDBC /* FirebaseDatabase in Frameworks */,
				2DB5B3852AE399ED00DAEDBC /* FirebaseFirestore in Frameworks */,
				2DB5B3932AE399ED00DAEDBC /* FirebasePerformance in Frameworks */,
				2DB5B3952AE399ED00DAEDBC /* FirebaseRemoteConfig in Frameworks */,
				2DB5B3712AE399ED00DAEDBC /* FirebaseAnalyticsSwift in Frameworks */,
				2DB5B3972AE399ED00DAEDBC /* FirebaseRemoteConfigSwift in Frameworks */,
				2DB5B36D2AE399ED00DAEDBC /* FirebaseAnalytics in Frameworks */,
				2DB5B36F2AE399ED00DAEDBC /* FirebaseAnalyticsOnDeviceConversion in Frameworks */,
				2DB5B3892AE399ED00DAEDBC /* FirebaseFirestoreSwift in Frameworks */,
				2DB5B3752AE399ED00DAEDBC /* FirebaseAppCheck in Frameworks */,
				2DB5B39B2AE399ED00DAEDBC /* FirebaseStorageCombine-Community in Frameworks */,
				2DB5B3732AE399ED00DAEDBC /* FirebaseAnalyticsWithoutAdIdSupport in Frameworks */,
				2DB5B3992AE399ED00DAEDBC /* FirebaseStorage in Frameworks */,
				2DB5B3912AE399ED00DAEDBC /* FirebaseMessaging in Frameworks */,
				2DB5B38D2AE399ED00DAEDBC /* FirebaseInstallations in Frameworks */,
				2DB5B3792AE399ED00DAEDBC /* FirebaseAuth in Frameworks */,
				2DB5B37D2AE399ED00DAEDBC /* FirebaseCrashlytics in Frameworks */,
				2DB5B38B2AE399ED00DAEDBC /* FirebaseInAppMessagingSwift-Beta in Frameworks */,
				2DB5B3812AE399ED00DAEDBC /* FirebaseDatabaseSwift in Frameworks */,
				2DB5B3772AE399ED00DAEDBC /* FirebaseAppDistribution-Beta in Frameworks */,
				2DB5B37B2AE399ED00DAEDBC /* FirebaseAuthCombine-Community in Frameworks */,
				2DB5B38F2AE399ED00DAEDBC /* FirebaseMLModelDownloader in Frameworks */,
				2DB5B3832AE399ED00DAEDBC /* FirebaseDynamicLinks in Frameworks */,
				2DB5B3872AE399ED00DAEDBC /* FirebaseFirestoreCombine-Community in Frameworks */,
			);
			runOnlyForDeploymentPostprocessing = 0;
		};
/* End PBXFrameworksBuildPhase section */

/* Begin PBXGroup section */
		2DB5B3512AE399CF00DAEDBC = {
			isa = PBXGroup;
			children = (
				2DB5B35C2AE399CF00DAEDBC /* Things Demo */,
				2DB5B35B2AE399CF00DAEDBC /* Products */,
			);
			sourceTree = "<group>";
		};
		2DB5B35B2AE399CF00DAEDBC /* Products */ = {
			isa = PBXGroup;
			children = (
				2DB5B35A2AE399CF00DAEDBC /* Things Demo.app */,
			);
			name = Products;
			sourceTree = "<group>";
		};
		2DB5B35C2AE399CF00DAEDBC /* Things Demo */ = {
			isa = PBXGroup;
			children = (
				2DB5B3A12AE39B8000DAEDBC /* Other */,
				2DB5B3A02AE39B7200DAEDBC /* Models */,
				2DB5B39F2AE39B5D00DAEDBC /* ViewModels */,
				2DB5B39E2AE39B4900DAEDBC /* Views */,
				2DB5B3632AE399D000DAEDBC /* Preview Content */,
			);
			path = "Things Demo";
			sourceTree = "<group>";
		};
		2DB5B3632AE399D000DAEDBC /* Preview Content */ = {
			isa = PBXGroup;
			children = (
				2DB5B3642AE399D000DAEDBC /* Preview Assets.xcassets */,
			);
			path = "Preview Content";
			sourceTree = "<group>";
		};
		2DB5B39E2AE39B4900DAEDBC /* Views */ = {
			isa = PBXGroup;
			children = (
				2DB5B35F2AE399CF00DAEDBC /* MainView.swift */,
				2DB5B3A22AE39C6E00DAEDBC /* ProfileView.swift */,
				2DB5B3A42AE39C8300DAEDBC /* TodoListView.swift */,
				2DB5B3A62AE39C9A00DAEDBC /* NewItemView.swift */,
				2DB5B3A82AE39CAA00DAEDBC /* LoginView.swift */,
				2DB5B3AA2AE39CB600DAEDBC /* RegisterView.swift */,
				2DB5B3AC2AE39CD500DAEDBC /* TodoListItemView.swift */,
				2DB5B3C02AE39FC600DAEDBC /* HeaderView.swift */,
				2DB5B3C22AE40FFF00DAEDBC /* TButton.swift */,
			);
			path = Views;
			sourceTree = "<group>";
		};
		2DB5B39F2AE39B5D00DAEDBC /* ViewModels */ = {
			isa = PBXGroup;
			children = (
				2DB5B3B22AE39D3800DAEDBC /* MainViewViewModel.swift */,
				2DB5B3B42AE39D3E00DAEDBC /* ProfileViewViewModel.swift */,
				2DB5B3B62AE39D4700DAEDBC /* TodoListViewViewModel.swift */,
				2DB5B3B82AE39D5F00DAEDBC /* NewItemViewViewModel.swift */,
				2DB5B3BA2AE39D6800DAEDBC /* LoginViewViewModel.swift */,
				2DB5B3BC2AE39D7100DAEDBC /* RegisterViewViewModel.swift */,
				2DB5B3BE2AE39D7B00DAEDBC /* TodoListItemViewViewModel.swift */,
			);
			path = ViewModels;
			sourceTree = "<group>";
		};
		2DB5B3A02AE39B7200DAEDBC /* Models */ = {
			isa = PBXGroup;
			children = (
				2DB5B3AE2AE39D0300DAEDBC /* User.swift */,
				2DB5B3B02AE39D0F00DAEDBC /* TodoListItem.swift */,
			);
			path = Models;
			sourceTree = "<group>";
		};
		2DB5B3A12AE39B8000DAEDBC /* Other */ = {
			isa = PBXGroup;
			children = (
				2DB5B3612AE399D000DAEDBC /* Assets.xcassets */,
				2DB5B39C2AE39A5400DAEDBC /* GoogleService-Info.plist */,
				2DB5B35D2AE399CF00DAEDBC /* ThingsApp.swift */,
				2DB5B3C42AE455AD00DAEDBC /* Extensions.swift */,
				2D6B4CDF2AE4DB9E00093BD4 /* Launch Screen.storyboard */,
			);
			path = Other;
			sourceTree = "<group>";
		};
/* End PBXGroup section */

/* Begin PBXNativeTarget section */
		2DB5B3592AE399CF00DAEDBC /* Things Demo */ = {
			isa = PBXNativeTarget;
			buildConfigurationList = 2DB5B3682AE399D000DAEDBC /* Build configuration list for PBXNativeTarget "Things Demo" */;
			buildPhases = (
				2DB5B3562AE399CF00DAEDBC /* Sources */,
				2DB5B3572AE399CF00DAEDBC /* Frameworks */,
				2DB5B3582AE399CF00DAEDBC /* Resources */,
			);
			buildRules = (
			);
			dependencies = (
			);
			name = "Things Demo";
			packageProductDependencies = (
				2DB5B36C2AE399ED00DAEDBC /* FirebaseAnalytics */,
				2DB5B36E2AE399ED00DAEDBC /* FirebaseAnalyticsOnDeviceConversion */,
				2DB5B3702AE399ED00DAEDBC /* FirebaseAnalyticsSwift */,
				2DB5B3722AE399ED00DAEDBC /* FirebaseAnalyticsWithoutAdIdSupport */,
				2DB5B3742AE399ED00DAEDBC /* FirebaseAppCheck */,
				2DB5B3762AE399ED00DAEDBC /* FirebaseAppDistribution-Beta */,
				2DB5B3782AE399ED00DAEDBC /* FirebaseAuth */,
				2DB5B37A2AE399ED00DAEDBC /* FirebaseAuthCombine-Community */,
				2DB5B37C2AE399ED00DAEDBC /* FirebaseCrashlytics */,
				2DB5B37E2AE399ED00DAEDBC /* FirebaseDatabase */,
				2DB5B3802AE399ED00DAEDBC /* FirebaseDatabaseSwift */,
				2DB5B3822AE399ED00DAEDBC /* FirebaseDynamicLinks */,
				2DB5B3842AE399ED00DAEDBC /* FirebaseFirestore */,
				2DB5B3862AE399ED00DAEDBC /* FirebaseFirestoreCombine-Community */,
				2DB5B3882AE399ED00DAEDBC /* FirebaseFirestoreSwift */,
				2DB5B38A2AE399ED00DAEDBC /* FirebaseInAppMessagingSwift-Beta */,
				2DB5B38C2AE399ED00DAEDBC /* FirebaseInstallations */,
				2DB5B38E2AE399ED00DAEDBC /* FirebaseMLModelDownloader */,
				2DB5B3902AE399ED00DAEDBC /* FirebaseMessaging */,
				2DB5B3922AE399ED00DAEDBC /* FirebasePerformance */,
				2DB5B3942AE399ED00DAEDBC /* FirebaseRemoteConfig */,
				2DB5B3962AE399ED00DAEDBC /* FirebaseRemoteConfigSwift */,
				2DB5B3982AE399ED00DAEDBC /* FirebaseStorage */,
				2DB5B39A2AE399ED00DAEDBC /* FirebaseStorageCombine-Community */,
			);
			productName = Things;
			productReference = 2DB5B35A2AE399CF00DAEDBC /* Things Demo.app */;
			productType = "com.apple.product-type.application";
		};
/* End PBXNativeTarget section */

/* Begin PBXProject section */
		2DB5B3522AE399CF00DAEDBC /* Project object */ = {
			isa = PBXProject;
			attributes = {
				BuildIndependentTargetsInParallel = 1;
				LastSwiftUpdateCheck = 1500;
				LastUpgradeCheck = 1500;
				TargetAttributes = {
					2DB5B3592AE399CF00DAEDBC = {
						CreatedOnToolsVersion = 15.0.1;
					};
				};
			};
			buildConfigurationList = 2DB5B3552AE399CF00DAEDBC /* Build configuration list for PBXProject "Things Demo" */;
			compatibilityVersion = "Xcode 14.0";
			developmentRegion = en;
			hasScannedForEncodings = 0;
			knownRegions = (
				en,
				Base,
			);
			mainGroup = 2DB5B3512AE399CF00DAEDBC;
			packageReferences = (
				2DB5B36B2AE399ED00DAEDBC /* XCRemoteSwiftPackageReference "firebase-ios-sdk" */,
			);
			productRefGroup = 2DB5B35B2AE399CF00DAEDBC /* Products */;
			projectDirPath = "";
			projectRoot = "";
			targets = (
				2DB5B3592AE399CF00DAEDBC /* Things Demo */,
			);
		};
/* End PBXProject section */

/* Begin PBXResourcesBuildPhase section */
		2DB5B3582AE399CF00DAEDBC /* Resources */ = {
			isa = PBXResourcesBuildPhase;
			buildActionMask = 2147483647;
			files = (
				2DB5B3652AE399D000DAEDBC /* Preview Assets.xcassets in Resources */,
				2DB5B3622AE399D000DAEDBC /* Assets.xcassets in Resources */,
				2D6B4CE02AE4DB9E00093BD4 /* Launch Screen.storyboard in Resources */,
				2DB5B39D2AE39A5400DAEDBC /* GoogleService-Info.plist in Resources */,
			);
			runOnlyForDeploymentPostprocessing = 0;
		};
/* End PBXResourcesBuildPhase section */

/* Begin PBXSourcesBuildPhase section */
		2DB5B3562AE399CF00DAEDBC /* Sources */ = {
			isa = PBXSourcesBuildPhase;
			buildActionMask = 2147483647;
			files = (
				2DB5B3B12AE39D0F00DAEDBC /* TodoListItem.swift in Sources */,
				2DB5B3C12AE39FC600DAEDBC /* HeaderView.swift in Sources */,
				2DB5B3BF2AE39D7B00DAEDBC /* TodoListItemViewViewModel.swift in Sources */,
				2DB5B3A92AE39CAA00DAEDBC /* LoginView.swift in Sources */,
				2DB5B3BD2AE39D7100DAEDBC /* RegisterViewViewModel.swift in Sources */,
				2DB5B3B32AE39D3800DAEDBC /* MainViewViewModel.swift in Sources */,
				2DB5B3602AE399CF00DAEDBC /* MainView.swift in Sources */,
				2DB5B3A52AE39C8300DAEDBC /* TodoListView.swift in Sources */,
				2DB5B3B52AE39D3E00DAEDBC /* ProfileViewViewModel.swift in Sources */,
				2DB5B3AB2AE39CB600DAEDBC /* RegisterView.swift in Sources */,
				2DB5B3A32AE39C6E00DAEDBC /* ProfileView.swift in Sources */,
				2DB5B3B72AE39D4700DAEDBC /* TodoListViewViewModel.swift in Sources */,
				2DB5B3AF2AE39D0300DAEDBC /* User.swift in Sources */,
				2DB5B3BB2AE39D6800DAEDBC /* LoginViewViewModel.swift in Sources */,
				2DB5B3AD2AE39CD500DAEDBC /* TodoListItemView.swift in Sources */,
				2DB5B3C52AE455AD00DAEDBC /* Extensions.swift in Sources */,
				2DB5B3C32AE40FFF00DAEDBC /* TButton.swift in Sources */,
				2DB5B35E2AE399CF00DAEDBC /* ThingsApp.swift in Sources */,
				2DB5B3A72AE39C9A00DAEDBC /* NewItemView.swift in Sources */,
				2DB5B3B92AE39D5F00DAEDBC /* NewItemViewViewModel.swift in Sources */,
			);
			runOnlyForDeploymentPostprocessing = 0;
		};
/* End PBXSourcesBuildPhase section */

/* Begin XCBuildConfiguration section */
		2DB5B3662AE399D000DAEDBC /* Debug */ = {
			isa = XCBuildConfiguration;
			buildSettings = {
				ALWAYS_SEARCH_USER_PATHS = NO;
				ASSETCATALOG_COMPILER_GENERATE_SWIFT_ASSET_SYMBOL_EXTENSIONS = YES;
				CLANG_ANALYZER_NONNULL = YES;
				CLANG_ANALYZER_NUMBER_OBJECT_CONVERSION = YES_AGGRESSIVE;
				CLANG_CXX_LANGUAGE_STANDARD = "gnu++20";
				CLANG_ENABLE_MODULES = YES;
				CLANG_ENABLE_OBJC_ARC = YES;
				CLANG_ENABLE_OBJC_WEAK = YES;
				CLANG_WARN_BLOCK_CAPTURE_AUTORELEASING = YES;
				CLANG_WARN_BOOL_CONVERSION = YES;
				CLANG_WARN_COMMA = YES;
				CLANG_WARN_CONSTANT_CONVERSION = YES;
				CLANG_WARN_DEPRECATED_OBJC_IMPLEMENTATIONS = YES;
				CLANG_WARN_DIRECT_OBJC_ISA_USAGE = YES_ERROR;
				CLANG_WARN_DOCUMENTATION_COMMENTS = YES;
				CLANG_WARN_EMPTY_BODY = YES;
				CLANG_WARN_ENUM_CONVERSION = YES;
				CLANG_WARN_INFINITE_RECURSION = YES;
				CLANG_WARN_INT_CONVERSION = YES;
				CLANG_WARN_NON_LITERAL_NULL_CONVERSION = YES;
				CLANG_WARN_OBJC_IMPLICIT_RETAIN_SELF = YES;
				CLANG_WARN_OBJC_LITERAL_CONVERSION = YES;
				CLANG_WARN_OBJC_ROOT_CLASS = YES_ERROR;
				CLANG_WARN_QUOTED_INCLUDE_IN_FRAMEWORK_HEADER = YES;
				CLANG_WARN_RANGE_LOOP_ANALYSIS = YES;
				CLANG_WARN_STRICT_PROTOTYPES = YES;
				CLANG_WARN_SUSPICIOUS_MOVE = YES;
				CLANG_WARN_UNGUARDED_AVAILABILITY = YES_AGGRESSIVE;
				CLANG_WARN_UNREACHABLE_CODE = YES;
				CLANG_WARN__DUPLICATE_METHOD_MATCH = YES;
				COPY_PHASE_STRIP = NO;
				DEBUG_INFORMATION_FORMAT = dwarf;
				ENABLE_STRICT_OBJC_MSGSEND = YES;
				ENABLE_TESTABILITY = YES;
				ENABLE_USER_SCRIPT_SANDBOXING = YES;
				GCC_C_LANGUAGE_STANDARD = gnu17;
				GCC_DYNAMIC_NO_PIC = NO;
				GCC_NO_COMMON_BLOCKS = YES;
				GCC_OPTIMIZATION_LEVEL = 0;
				GCC_PREPROCESSOR_DEFINITIONS = (
					"DEBUG=1",
					"$(inherited)",
				);
				GCC_WARN_64_TO_32_BIT_CONVERSION = YES;
				GCC_WARN_ABOUT_RETURN_TYPE = YES_ERROR;
				GCC_WARN_UNDECLARED_SELECTOR = YES;
				GCC_WARN_UNINITIALIZED_AUTOS = YES_AGGRESSIVE;
				GCC_WARN_UNUSED_FUNCTION = YES;
				GCC_WARN_UNUSED_VARIABLE = YES;
				IPHONEOS_DEPLOYMENT_TARGET = 17.0;
				LOCALIZATION_PREFERS_STRING_CATALOGS = YES;
				MTL_ENABLE_DEBUG_INFO = INCLUDE_SOURCE;
				MTL_FAST_MATH = YES;
				ONLY_ACTIVE_ARCH = YES;
				SDKROOT = iphoneos;
				SWIFT_ACTIVE_COMPILATION_CONDITIONS = "DEBUG $(inherited)";
				SWIFT_OPTIMIZATION_LEVEL = "-Onone";
			};
			name = Debug;
		};
		2DB5B3672AE399D000DAEDBC /* Release */ = {
			isa = XCBuildConfiguration;
			buildSettings = {
				ALWAYS_SEARCH_USER_PATHS = NO;
				ASSETCATALOG_COMPILER_GENERATE_SWIFT_ASSET_SYMBOL_EXTENSIONS = YES;
				CLANG_ANALYZER_NONNULL = YES;
				CLANG_ANALYZER_NUMBER_OBJECT_CONVERSION = YES_AGGRESSIVE;
				CLANG_CXX_LANGUAGE_STANDARD = "gnu++20";
				CLANG_ENABLE_MODULES = YES;
				CLANG_ENABLE_OBJC_ARC = YES;
				CLANG_ENABLE_OBJC_WEAK = YES;
				CLANG_WARN_BLOCK_CAPTURE_AUTORELEASING = YES;
				CLANG_WARN_BOOL_CONVERSION = YES;
				CLANG_WARN_COMMA = YES;
				CLANG_WARN_CONSTANT_CONVERSION = YES;
				CLANG_WARN_DEPRECATED_OBJC_IMPLEMENTATIONS = YES;
				CLANG_WARN_DIRECT_OBJC_ISA_USAGE = YES_ERROR;
				CLANG_WARN_DOCUMENTATION_COMMENTS = YES;
				CLANG_WARN_EMPTY_BODY = YES;
				CLANG_WARN_ENUM_CONVERSION = YES;
				CLANG_WARN_INFINITE_RECURSION = YES;
				CLANG_WARN_INT_CONVERSION = YES;
				CLANG_WARN_NON_LITERAL_NULL_CONVERSION = YES;
				CLANG_WARN_OBJC_IMPLICIT_RETAIN_SELF = YES;
				CLANG_WARN_OBJC_LITERAL_CONVERSION = YES;
				CLANG_WARN_OBJC_ROOT_CLASS = YES_ERROR;
				CLANG_WARN_QUOTED_INCLUDE_IN_FRAMEWORK_HEADER = YES;
				CLANG_WARN_RANGE_LOOP_ANALYSIS = YES;
				CLANG_WARN_STRICT_PROTOTYPES = YES;
				CLANG_WARN_SUSPICIOUS_MOVE = YES;
				CLANG_WARN_UNGUARDED_AVAILABILITY = YES_AGGRESSIVE;
				CLANG_WARN_UNREACHABLE_CODE = YES;
				CLANG_WARN__DUPLICATE_METHOD_MATCH = YES;
				COPY_PHASE_STRIP = NO;
				DEBUG_INFORMATION_FORMAT = "dwarf-with-dsym";
				ENABLE_NS_ASSERTIONS = NO;
				ENABLE_STRICT_OBJC_MSGSEND = YES;
				ENABLE_USER_SCRIPT_SANDBOXING = YES;
				GCC_C_LANGUAGE_STANDARD = gnu17;
				GCC_NO_COMMON_BLOCKS = YES;
				GCC_WARN_64_TO_32_BIT_CONVERSION = YES;
				GCC_WARN_ABOUT_RETURN_TYPE = YES_ERROR;
				GCC_WARN_UNDECLARED_SELECTOR = YES;
				GCC_WARN_UNINITIALIZED_AUTOS = YES_AGGRESSIVE;
				GCC_WARN_UNUSED_FUNCTION = YES;
				GCC_WARN_UNUSED_VARIABLE = YES;
				IPHONEOS_DEPLOYMENT_TARGET = 17.0;
				LOCALIZATION_PREFERS_STRING_CATALOGS = YES;
				MTL_ENABLE_DEBUG_INFO = NO;
				MTL_FAST_MATH = YES;
				SDKROOT = iphoneos;
				SWIFT_COMPILATION_MODE = wholemodule;
				VALIDATE_PRODUCT = YES;
			};
			name = Release;
		};
		2DB5B3692AE399D000DAEDBC /* Debug */ = {
			isa = XCBuildConfiguration;
			buildSettings = {
				ASSETCATALOG_COMPILER_APPICON_NAME = AppIcon;
				ASSETCATALOG_COMPILER_GLOBAL_ACCENT_COLOR_NAME = AccentColor;
				CODE_SIGN_STYLE = Automatic;
				CURRENT_PROJECT_VERSION = 1;
				DEVELOPMENT_ASSET_PATHS = "\"Things/Preview Content\"";
				DEVELOPMENT_TEAM = QZLNJCUBQL;
				ENABLE_PREVIEWS = YES;
				GENERATE_INFOPLIST_FILE = YES;
				INFOPLIST_KEY_CFBundleDisplayName = "Things Demo";
				INFOPLIST_KEY_UIApplicationSceneManifest_Generation = YES;
				INFOPLIST_KEY_UIApplicationSupportsIndirectInputEvents = YES;
				INFOPLIST_KEY_UILaunchScreen_Generation = YES;
				INFOPLIST_KEY_UILaunchStoryboardName = "Launch Screen.storyboard";
				INFOPLIST_KEY_UISupportedInterfaceOrientations = UIInterfaceOrientationPortrait;
				LD_RUNPATH_SEARCH_PATHS = (
					"$(inherited)",
					"@executable_path/Frameworks",
				);
				MARKETING_VERSION = 1.0;
				PRODUCT_BUNDLE_IDENTIFIER = com.relaystudio.ThingsDemo;
				PRODUCT_NAME = "$(TARGET_NAME)";
				SWIFT_EMIT_LOC_STRINGS = YES;
				SWIFT_VERSION = 5.0;
				TARGETED_DEVICE_FAMILY = "1,2";
			};
			name = Debug;
		};
		2DB5B36A2AE399D000DAEDBC /* Release */ = {
			isa = XCBuildConfiguration;
			buildSettings = {
				ASSETCATALOG_COMPILER_APPICON_NAME = AppIcon;
				ASSETCATALOG_COMPILER_GLOBAL_ACCENT_COLOR_NAME = AccentColor;
				CODE_SIGN_STYLE = Automatic;
				CURRENT_PROJECT_VERSION = 1;
				DEVELOPMENT_ASSET_PATHS = "\"Things/Preview Content\"";
				DEVELOPMENT_TEAM = QZLNJCUBQL;
				ENABLE_PREVIEWS = YES;
				GENERATE_INFOPLIST_FILE = YES;
				INFOPLIST_KEY_CFBundleDisplayName = "Things Demo";
				INFOPLIST_KEY_UIApplicationSceneManifest_Generation = YES;
				INFOPLIST_KEY_UIApplicationSupportsIndirectInputEvents = YES;
				INFOPLIST_KEY_UILaunchScreen_Generation = YES;
				INFOPLIST_KEY_UILaunchStoryboardName = "Launch Screen.storyboard";
				INFOPLIST_KEY_UISupportedInterfaceOrientations = UIInterfaceOrientationPortrait;
				LD_RUNPATH_SEARCH_PATHS = (
					"$(inherited)",
					"@executable_path/Frameworks",
				);
				MARKETING_VERSION = 1.0;
				PRODUCT_BUNDLE_IDENTIFIER = com.relaystudio.ThingsDemo;
				PRODUCT_NAME = "$(TARGET_NAME)";
				SWIFT_EMIT_LOC_STRINGS = YES;
				SWIFT_VERSION = 5.0;
				TARGETED_DEVICE_FAMILY = "1,2";
			};
			name = Release;
		};
/* End XCBuildConfiguration section */

/* Begin XCConfigurationList section */
		2DB5B3552AE399CF00DAEDBC /* Build configuration list for PBXProject "Things Demo" */ = {
			isa = XCConfigurationList;
			buildConfigurations = (
				2DB5B3662AE399D000DAEDBC /* Debug */,
				2DB5B3672AE399D000DAEDBC /* Release */,
			);
			defaultConfigurationIsVisible = 0;
			defaultConfigurationName = Release;
		};
		2DB5B3682AE399D000DAEDBC /* Build configuration list for PBXNativeTarget "Things Demo" */ = {
			isa = XCConfigurationList;
			buildConfigurations = (
				2DB5B3692AE399D000DAEDBC /* Debug */,
				2DB5B36A2AE399D000DAEDBC /* Release */,
			);
			defaultConfigurationIsVisible = 0;
			defaultConfigurationName = Release;
		};
/* End XCConfigurationList section */

/* Begin XCRemoteSwiftPackageReference section */
		2DB5B36B2AE399ED00DAEDBC /* XCRemoteSwiftPackageReference "firebase-ios-sdk" */ = {
			isa = XCRemoteSwiftPackageReference;
			repositoryURL = "https://github.com/firebase/firebase-ios-sdk";
			requirement = {
				kind = upToNextMajorVersion;
				minimumVersion = 10.16.0;
			};
		};
/* End XCRemoteSwiftPackageReference section */

/* Begin XCSwiftPackageProductDependency section */
		2DB5B36C2AE399ED00DAEDBC /* FirebaseAnalytics */ = {
			isa = XCSwiftPackageProductDependency;
			package = 2DB5B36B2AE399ED00DAEDBC /* XCRemoteSwiftPackageReference "firebase-ios-sdk" */;
			productName = FirebaseAnalytics;
		};
		2DB5B36E2AE399ED00DAEDBC /* FirebaseAnalyticsOnDeviceConversion */ = {
			isa = XCSwiftPackageProductDependency;
			package = 2DB5B36B2AE399ED00DAEDBC /* XCRemoteSwiftPackageReference "firebase-ios-sdk" */;
			productName = FirebaseAnalyticsOnDeviceConversion;
		};
		2DB5B3702AE399ED00DAEDBC /* FirebaseAnalyticsSwift */ = {
			isa = XCSwiftPackageProductDependency;
			package = 2DB5B36B2AE399ED00DAEDBC /* XCRemoteSwiftPackageReference "firebase-ios-sdk" */;
			productName = FirebaseAnalyticsSwift;
		};
		2DB5B3722AE399ED00DAEDBC /* FirebaseAnalyticsWithoutAdIdSupport */ = {
			isa = XCSwiftPackageProductDependency;
			package = 2DB5B36B2AE399ED00DAEDBC /* XCRemoteSwiftPackageReference "firebase-ios-sdk" */;
			productName = FirebaseAnalyticsWithoutAdIdSupport;
		};
		2DB5B3742AE399ED00DAEDBC /* FirebaseAppCheck */ = {
			isa = XCSwiftPackageProductDependency;
			package = 2DB5B36B2AE399ED00DAEDBC /* XCRemoteSwiftPackageReference "firebase-ios-sdk" */;
			productName = FirebaseAppCheck;
		};
		2DB5B3762AE399ED00DAEDBC /* FirebaseAppDistribution-Beta */ = {
			isa = XCSwiftPackageProductDependency;
			package = 2DB5B36B2AE399ED00DAEDBC /* XCRemoteSwiftPackageReference "firebase-ios-sdk" */;
			productName = "FirebaseAppDistribution-Beta";
		};
		2DB5B3782AE399ED00DAEDBC /* FirebaseAuth */ = {
			isa = XCSwiftPackageProductDependency;
			package = 2DB5B36B2AE399ED00DAEDBC /* XCRemoteSwiftPackageReference "firebase-ios-sdk" */;
			productName = FirebaseAuth;
		};
		2DB5B37A2AE399ED00DAEDBC /* FirebaseAuthCombine-Community */ = {
			isa = XCSwiftPackageProductDependency;
			package = 2DB5B36B2AE399ED00DAEDBC /* XCRemoteSwiftPackageReference "firebase-ios-sdk" */;
			productName = "FirebaseAuthCombine-Community";
		};
		2DB5B37C2AE399ED00DAEDBC /* FirebaseCrashlytics */ = {
			isa = XCSwiftPackageProductDependency;
			package = 2DB5B36B2AE399ED00DAEDBC /* XCRemoteSwiftPackageReference "firebase-ios-sdk" */;
			productName = FirebaseCrashlytics;
		};
		2DB5B37E2AE399ED00DAEDBC /* FirebaseDatabase */ = {
			isa = XCSwiftPackageProductDependency;
			package = 2DB5B36B2AE399ED00DAEDBC /* XCRemoteSwiftPackageReference "firebase-ios-sdk" */;
			productName = FirebaseDatabase;
		};
		2DB5B3802AE399ED00DAEDBC /* FirebaseDatabaseSwift */ = {
			isa = XCSwiftPackageProductDependency;
			package = 2DB5B36B2AE399ED00DAEDBC /* XCRemoteSwiftPackageReference "firebase-ios-sdk" */;
			productName = FirebaseDatabaseSwift;
		};
		2DB5B3822AE399ED00DAEDBC /* FirebaseDynamicLinks */ = {
			isa = XCSwiftPackageProductDependency;
			package = 2DB5B36B2AE399ED00DAEDBC /* XCRemoteSwiftPackageReference "firebase-ios-sdk" */;
			productName = FirebaseDynamicLinks;
		};
		2DB5B3842AE399ED00DAEDBC /* FirebaseFirestore */ = {
			isa = XCSwiftPackageProductDependency;
			package = 2DB5B36B2AE399ED00DAEDBC /* XCRemoteSwiftPackageReference "firebase-ios-sdk" */;
			productName = FirebaseFirestore;
		};
		2DB5B3862AE399ED00DAEDBC /* FirebaseFirestoreCombine-Community */ = {
			isa = XCSwiftPackageProductDependency;
			package = 2DB5B36B2AE399ED00DAEDBC /* XCRemoteSwiftPackageReference "firebase-ios-sdk" */;
			productName = "FirebaseFirestoreCombine-Community";
		};
		2DB5B3882AE399ED00DAEDBC /* FirebaseFirestoreSwift */ = {
			isa = XCSwiftPackageProductDependency;
			package = 2DB5B36B2AE399ED00DAEDBC /* XCRemoteSwiftPackageReference "firebase-ios-sdk" */;
			productName = FirebaseFirestoreSwift;
		};
		2DB5B38A2AE399ED00DAEDBC /* FirebaseInAppMessagingSwift-Beta */ = {
			isa = XCSwiftPackageProductDependency;
			package = 2DB5B36B2AE399ED00DAEDBC /* XCRemoteSwiftPackageReference "firebase-ios-sdk" */;
			productName = "FirebaseInAppMessagingSwift-Beta";
		};
		2DB5B38C2AE399ED00DAEDBC /* FirebaseInstallations */ = {
			isa = XCSwiftPackageProductDependency;
			package = 2DB5B36B2AE399ED00DAEDBC /* XCRemoteSwiftPackageReference "firebase-ios-sdk" */;
			productName = FirebaseInstallations;
		};
		2DB5B38E2AE399ED00DAEDBC /* FirebaseMLModelDownloader */ = {
			isa = XCSwiftPackageProductDependency;
			package = 2DB5B36B2AE399ED00DAEDBC /* XCRemoteSwiftPackageReference "firebase-ios-sdk" */;
			productName = FirebaseMLModelDownloader;
		};
		2DB5B3902AE399ED00DAEDBC /* FirebaseMessaging */ = {
			isa = XCSwiftPackageProductDependency;
			package = 2DB5B36B2AE399ED00DAEDBC /* XCRemoteSwiftPackageReference "firebase-ios-sdk" */;
			productName = FirebaseMessaging;
		};
		2DB5B3922AE399ED00DAEDBC /* FirebasePerformance */ = {
			isa = XCSwiftPackageProductDependency;
			package = 2DB5B36B2AE399ED00DAEDBC /* XCRemoteSwiftPackageReference "firebase-ios-sdk" */;
			productName = FirebasePerformance;
		};
		2DB5B3942AE399ED00DAEDBC /* FirebaseRemoteConfig */ = {
			isa = XCSwiftPackageProductDependency;
			package = 2DB5B36B2AE399ED00DAEDBC /* XCRemoteSwiftPackageReference "firebase-ios-sdk" */;
			productName = FirebaseRemoteConfig;
		};
		2DB5B3962AE399ED00DAEDBC /* FirebaseRemoteConfigSwift */ = {
			isa = XCSwiftPackageProductDependency;
			package = 2DB5B36B2AE399ED00DAEDBC /* XCRemoteSwiftPackageReference "firebase-ios-sdk" */;
			productName = FirebaseRemoteConfigSwift;
		};
		2DB5B3982AE399ED00DAEDBC /* FirebaseStorage */ = {
			isa = XCSwiftPackageProductDependency;
			package = 2DB5B36B2AE399ED00DAEDBC /* XCRemoteSwiftPackageReference "firebase-ios-sdk" */;
			productName = FirebaseStorage;
		};
		2DB5B39A2AE399ED00DAEDBC /* FirebaseStorageCombine-Community */ = {
			isa = XCSwiftPackageProductDependency;
			package = 2DB5B36B2AE399ED00DAEDBC /* XCRemoteSwiftPackageReference "firebase-ios-sdk" */;
			productName = "FirebaseStorageCombine-Community";
		};
/* End XCSwiftPackageProductDependency section */
	};
	rootObject = 2DB5B3522AE399CF00DAEDBC /* Project object */;
}
